
Microsoft Visual Studio Solution File, Format Version 12.00
Project("{2150E333-8FDC-42A3-9474-1A3956D46DE8}") = "Server", "Server", "{D07F9CA2-06AB-41B6-8067-BC4CE32A1ABD}"
EndProject
Project("{FAE04EC0-301F-11D3-BF4B-00C04F79EFBC}") = "Entities", "Entities\Entities.csproj", "{4884FD2D-5B40-4412-92C9-FA1631AA1D21}"
EndProject
Project("{FAE04EC0-301F-11D3-BF4B-00C04F79EFBC}") = "RepositoryContracts", "RepositoryContracts\RepositoryContracts.csproj", "{6798BE54-CBF6-4A01-A179-264E921B94ED}"
EndProject
Project("{FAE04EC0-301F-11D3-BF4B-00C04F79EFBC}") = "InMemoryRepositories", "InMemoryRepositories\InMemoryRepositories.csproj", "{B323D923-6C9F-4654-A959-573D48CA69FA}"
EndProject
Project("{FAE04EC0-301F-11D3-BF4B-00C04F79EFBC}") = "CLI", "CLI\CLI.csproj", "{0C49CD0A-56FA-4EBE-8BAF-28852C81CFDA}"
EndProject
Project("{FAE04EC0-301F-11D3-BF4B-00C04F79EFBC}") = "FileRepositories", "FileRepositories\FileRepositories.csproj", "{3BF61DBC-E9DB-4A5F-ABFC-F6C0CB400F1F}"
EndProject
Project("{2150E333-8FDC-42A3-9474-1A3956D46DE8}") = "Shared", "Shared", "{D96CDB40-704B-460C-836B-19A339342304}"
EndProject
Project("{FAE04EC0-301F-11D3-BF4B-00C04F79EFBC}") = "ApiContracts", "ApiContracts\ApiContracts.csproj", "{8D17444B-5151-46DF-BC89-56CFF9D44561}"
EndProject
Project("{FAE04EC0-301F-11D3-BF4B-00C04F79EFBC}") = "WebAPI", "WebAPI\WebAPI.csproj", "{4E78E737-4466-4E55-809C-97B03F1FDCF4}"
EndProject
Project("{2150E333-8FDC-42A3-9474-1A3956D46DE8}") = "Client", "Client", "{B0F297BE-DA45-4197-A81D-CAA0F1EAEF4F}"
EndProject
Project("{FAE04EC0-301F-11D3-BF4B-00C04F79EFBC}") = "BlazorApp", "Client\BlazorApp\BlazorApp.csproj", "{A7D9B99E-FDB7-43D0-91DB-44C5F5CB2F93}"
EndProject
Global
	GlobalSection(SolutionConfigurationPlatforms) = preSolution
		Debug|Any CPU = Debug|Any CPU
		Release|Any CPU = Release|Any CPU
	EndGlobalSection
	GlobalSection(ProjectConfigurationPlatforms) = postSolution
		{4884FD2D-5B40-4412-92C9-FA1631AA1D21}.Debug|Any CPU.ActiveCfg = Debug|Any CPU
		{4884FD2D-5B40-4412-92C9-FA1631AA1D21}.Debug|Any CPU.Build.0 = Debug|Any CPU
		{4884FD2D-5B40-4412-92C9-FA1631AA1D21}.Release|Any CPU.ActiveCfg = Release|Any CPU
		{4884FD2D-5B40-4412-92C9-FA1631AA1D21}.Release|Any CPU.Build.0 = Release|Any CPU
		{6798BE54-CBF6-4A01-A179-264E921B94ED}.Debug|Any CPU.ActiveCfg = Debug|Any CPU
		{6798BE54-CBF6-4A01-A179-264E921B94ED}.Debug|Any CPU.Build.0 = Debug|Any CPU
		{6798BE54-CBF6-4A01-A179-264E921B94ED}.Release|Any CPU.ActiveCfg = Release|Any CPU
		{6798BE54-CBF6-4A01-A179-264E921B94ED}.Release|Any CPU.Build.0 = Release|Any CPU
		{B323D923-6C9F-4654-A959-573D48CA69FA}.Debug|Any CPU.ActiveCfg = Debug|Any CPU
		{B323D923-6C9F-4654-A959-573D48CA69FA}.Debug|Any CPU.Build.0 = Debug|Any CPU
		{B323D923-6C9F-4654-A959-573D48CA69FA}.Release|Any CPU.ActiveCfg = Release|Any CPU
		{B323D923-6C9F-4654-A959-573D48CA69FA}.Release|Any CPU.Build.0 = Release|Any CPU
		{0C49CD0A-56FA-4EBE-8BAF-28852C81CFDA}.Debug|Any CPU.ActiveCfg = Debug|Any CPU
		{0C49CD0A-56FA-4EBE-8BAF-28852C81CFDA}.Debug|Any CPU.Build.0 = Debug|Any CPU
		{0C49CD0A-56FA-4EBE-8BAF-28852C81CFDA}.Release|Any CPU.ActiveCfg = Release|Any CPU
		{0C49CD0A-56FA-4EBE-8BAF-28852C81CFDA}.Release|Any CPU.Build.0 = Release|Any CPU
		{3BF61DBC-E9DB-4A5F-ABFC-F6C0CB400F1F}.Debug|Any CPU.ActiveCfg = Debug|Any CPU
		{3BF61DBC-E9DB-4A5F-ABFC-F6C0CB400F1F}.Debug|Any CPU.Build.0 = Debug|Any CPU
		{3BF61DBC-E9DB-4A5F-ABFC-F6C0CB400F1F}.Release|Any CPU.ActiveCfg = Release|Any CPU
		{3BF61DBC-E9DB-4A5F-ABFC-F6C0CB400F1F}.Release|Any CPU.Build.0 = Release|Any CPU
		{8D17444B-5151-46DF-BC89-56CFF9D44561}.Debug|Any CPU.ActiveCfg = Debug|Any CPU
		{8D17444B-5151-46DF-BC89-56CFF9D44561}.Debug|Any CPU.Build.0 = Debug|Any CPU
		{8D17444B-5151-46DF-BC89-56CFF9D44561}.Release|Any CPU.ActiveCfg = Release|Any CPU
		{8D17444B-5151-46DF-BC89-56CFF9D44561}.Release|Any CPU.Build.0 = Release|Any CPU
		{4E78E737-4466-4E55-809C-97B03F1FDCF4}.Debug|Any CPU.ActiveCfg = Debug|Any CPU
		{4E78E737-4466-4E55-809C-97B03F1FDCF4}.Debug|Any CPU.Build.0 = Debug|Any CPU
		{4E78E737-4466-4E55-809C-97B03F1FDCF4}.Release|Any CPU.ActiveCfg = Release|Any CPU
		{4E78E737-4466-4E55-809C-97B03F1FDCF4}.Release|Any CPU.Build.0 = Release|Any CPU
		{A7D9B99E-FDB7-43D0-91DB-44C5F5CB2F93}.Debug|Any CPU.ActiveCfg = Debug|Any CPU
		{A7D9B99E-FDB7-43D0-91DB-44C5F5CB2F93}.Debug|Any CPU.Build.0 = Debug|Any CPU
		{A7D9B99E-FDB7-43D0-91DB-44C5F5CB2F93}.Release|Any CPU.ActiveCfg = Release|Any CPU
		{A7D9B99E-FDB7-43D0-91DB-44C5F5CB2F93}.Release|Any CPU.Build.0 = Release|Any CPU
	EndGlobalSection
	GlobalSection(NestedProjects) = preSolution
		{4884FD2D-5B40-4412-92C9-FA1631AA1D21} = {D07F9CA2-06AB-41B6-8067-BC4CE32A1ABD}
		{6798BE54-CBF6-4A01-A179-264E921B94ED} = {D07F9CA2-06AB-41B6-8067-BC4CE32A1ABD}
		{B323D923-6C9F-4654-A959-573D48CA69FA} = {D07F9CA2-06AB-41B6-8067-BC4CE32A1ABD}
		{0C49CD0A-56FA-4EBE-8BAF-28852C81CFDA} = {D07F9CA2-06AB-41B6-8067-BC4CE32A1ABD}
		{3BF61DBC-E9DB-4A5F-ABFC-F6C0CB400F1F} = {D07F9CA2-06AB-41B6-8067-BC4CE32A1ABD}
		{8D17444B-5151-46DF-BC89-56CFF9D44561} = {D96CDB40-704B-460C-836B-19A339342304}
		{4E78E737-4466-4E55-809C-97B03F1FDCF4} = {D07F9CA2-06AB-41B6-8067-BC4CE32A1ABD}
		{A7D9B99E-FDB7-43D0-91DB-44C5F5CB2F93} = {B0F297BE-DA45-4197-A81D-CAA0F1EAEF4F}
	EndGlobalSection
EndGlobal
